
Microsoft Visual Studio Solution File, Format Version 12.00
# Visual Studio Version 17
VisualStudioVersion = 17.8.34316.72
MinimumVisualStudioVersion = 10.0.40219.1
Project("{FAE04EC0-301F-11D3-BF4B-00C04F79EFBC}") = "REST_API_TodosProject", "REST_API_TodosProject\REST_API_TodosProject.csproj", "{73B8A82A-4FFD-4C80-A66C-72D29794D461}"
EndProject
Global
	GlobalSection(SolutionConfigurationPlatforms) = preSolution
		Debug|Any CPU = Debug|Any CPU
		Release|Any CPU = Release|Any CPU
	EndGlobalSection
	GlobalSection(ProjectConfigurationPlatforms) = postSolution
		{73B8A82A-4FFD-4C80-A66C-72D29794D461}.Debug|Any CPU.ActiveCfg = Debug|Any CPU
		{73B8A82A-4FFD-4C80-A66C-72D29794D461}.Debug|Any CPU.Build.0 = Debug|Any CPU
		{73B8A82A-4FFD-4C80-A66C-72D29794D461}.Release|Any CPU.ActiveCfg = Release|Any CPU
		{73B8A82A-4FFD-4C80-A66C-72D29794D461}.Release|Any CPU.Build.0 = Release|Any CPU
	EndGlobalSection
	GlobalSection(SolutionProperties) = preSolution
		HideSolutionNode = FALSE
	EndGlobalSection
	GlobalSection(ExtensibilityGlobals) = postSolution
		SolutionGuid = {1839C98A-8EF2-48A8-BC2B-AE9BDBE47CDC}
	EndGlobalSection
EndGlobal
